
Microsoft Visual Studio Solution File, Format Version 12.00
# Visual Studio Version 17
VisualStudioVersion = 17.3.32922.545
MinimumVisualStudioVersion = 10.0.40219.1
Project("{2150E333-8FDC-42A3-9474-1A3956D46DE8}") = "src", "src", "{18731ECA-A55B-4A63-83E1-C21A3D2F18A6}"
EndProject
Project("{2150E333-8FDC-42A3-9474-1A3956D46DE8}") = "Services", "Services", "{6E4CA860-07E3-4626-80EB-3F06D808967F}"
EndProject
Project("{2150E333-8FDC-42A3-9474-1A3956D46DE8}") = "Catalog", "Catalog", "{6ABAA7A4-4659-4239-A8A4-E97BC77DEF54}"
EndProject
Project("{FAE04EC0-301F-11D3-BF4B-00C04F79EFBC}") = "Catalog.API", "src\Catalog\Catalog.API\Catalog.API.csproj", "{E567A88E-F9A6-4646-B727-7AF8A57D3F71}"
EndProject
Project("{E53339B2-1760-4266-BCC7-CA923CBCF16C}") = "docker-compose", "docker-compose.dcproj", "{1AE0A373-A99A-41C1-805A-FD4058234234}"
EndProject
Global
	GlobalSection(SolutionConfigurationPlatforms) = preSolution
		Debug|Any CPU = Debug|Any CPU
		Release|Any CPU = Release|Any CPU
	EndGlobalSection
	GlobalSection(ProjectConfigurationPlatforms) = postSolution
		{E567A88E-F9A6-4646-B727-7AF8A57D3F71}.Debug|Any CPU.ActiveCfg = Debug|Any CPU
		{E567A88E-F9A6-4646-B727-7AF8A57D3F71}.Debug|Any CPU.Build.0 = Debug|Any CPU
		{E567A88E-F9A6-4646-B727-7AF8A57D3F71}.Release|Any CPU.ActiveCfg = Release|Any CPU
		{E567A88E-F9A6-4646-B727-7AF8A57D3F71}.Release|Any CPU.Build.0 = Release|Any CPU
		{1AE0A373-A99A-41C1-805A-FD4058234234}.Debug|Any CPU.ActiveCfg = Debug|Any CPU
		{1AE0A373-A99A-41C1-805A-FD4058234234}.Debug|Any CPU.Build.0 = Debug|Any CPU
		{1AE0A373-A99A-41C1-805A-FD4058234234}.Release|Any CPU.ActiveCfg = Release|Any CPU
		{1AE0A373-A99A-41C1-805A-FD4058234234}.Release|Any CPU.Build.0 = Release|Any CPU
	EndGlobalSection
	GlobalSection(SolutionProperties) = preSolution
		HideSolutionNode = FALSE
	EndGlobalSection
	GlobalSection(NestedProjects) = preSolution
		{6E4CA860-07E3-4626-80EB-3F06D808967F} = {18731ECA-A55B-4A63-83E1-C21A3D2F18A6}
		{6ABAA7A4-4659-4239-A8A4-E97BC77DEF54} = {6E4CA860-07E3-4626-80EB-3F06D808967F}
		{E567A88E-F9A6-4646-B727-7AF8A57D3F71} = {6ABAA7A4-4659-4239-A8A4-E97BC77DEF54}
	EndGlobalSection
	GlobalSection(ExtensibilityGlobals) = postSolution
		SolutionGuid = {9F90BF3A-72EB-4F30-BFD3-EAF064D2043A}
	EndGlobalSection
EndGlobal
